
Microsoft Visual Studio Solution File, Format Version 12.00
# Visual Studio Version 16
VisualStudioVersion = 16.0.30002.166
MinimumVisualStudioVersion = 10.0.40219.1
Project("{2150E333-8FDC-42A3-9474-1A3956D46DE8}") = "1 - Server", "1 - Server", "{D3C06908-9B63-462F-BCBC-B2748F1683C7}"
EndProject
Project("{2150E333-8FDC-42A3-9474-1A3956D46DE8}") = "2 - Client", "2 - Client", "{8407198A-C1F6-4970-B481-8B594BEAD3DE}"
EndProject
Project("{2150E333-8FDC-42A3-9474-1A3956D46DE8}") = "0 - Story", "0 - Story", "{1AD6FE9B-2C83-4B5C-8CE8-E508BFEAD9B3}"
EndProject
Project("{9A19103F-16F7-4668-BE54-9A1E7A4F7556}") = "Chat.Stories", "Chat.Stories\Chat.Stories.csproj", "{01B75438-CA61-45D0-9FCC-C659C54AF0B0}"
EndProject
Project("{2150E333-8FDC-42A3-9474-1A3956D46DE8}") = "1.2 - Domain", "1.2 - Domain", "{76A3A0A0-BC0C-4D02-AD58-847331606996}"
EndProject
Project("{9A19103F-16F7-4668-BE54-9A1E7A4F7556}") = "Chat.Server.Domain", "Chat.Server.Domain\Chat.Server.Domain.csproj", "{3F0E1875-256A-48E1-BE70-89A1DCB45143}"
EndProject
Project("{9A19103F-16F7-4668-BE54-9A1E7A4F7556}") = "Chat.Server.Domain.Tests", "Chat.Server.Domain.Tests\Chat.Server.Domain.Tests.csproj", "{E268F342-4551-47CD-B6D5-11E42EBE403A}"
EndProject
Project("{2150E333-8FDC-42A3-9474-1A3956D46DE8}") = "1.1 - Application", "1.1 - Application", "{B6D01E49-B0A2-4726-BF5D-BD92D1FA100A}"
EndProject
Project("{9A19103F-16F7-4668-BE54-9A1E7A4F7556}") = "Chat.Server.Application", "Chat.Server.Application\Chat.Server.Application.csproj", "{D063BC62-6ECC-4C72-99DF-F91F42EA18AE}"
EndProject
Project("{2150E333-8FDC-42A3-9474-1A3956D46DE8}") = "1.2.1 - Communicator", "1.2.1 - Communicator", "{722D05DA-F2D1-466B-B323-02E3764B6710}"
EndProject
Project("{9A19103F-16F7-4668-BE54-9A1E7A4F7556}") = "Chat.Server.Communicator", "Chat.Server.Communicator\Chat.Server.Communicator.csproj", "{3840D7A7-7951-453B-8810-AFE68366E438}"
EndProject
Project("{2150E333-8FDC-42A3-9474-1A3956D46DE8}") = "1.2.2 - MessageBroker", "1.2.2 - MessageBroker", "{96B136EF-4D60-4233-82E6-DBDE2C75E25F}"
EndProject
Project("{9A19103F-16F7-4668-BE54-9A1E7A4F7556}") = "Chat.Server.MessageBroker", "Chat.Server.MessageBroker\Chat.Server.MessageBroker.csproj", "{D131FA36-D21B-44AC-89BD-3080E6A86556}"
EndProject
Project("{9A19103F-16F7-4668-BE54-9A1E7A4F7556}") = "Chat.Server.MessageBroker.Local", "Chat.Server.MessageBroker.Local\Chat.Server.MessageBroker.Local.csproj", "{16FCC534-194E-4AE1-AFED-D05DC7234439}"
EndProject
Project("{9A19103F-16F7-4668-BE54-9A1E7A4F7556}") = "Chat.Server.Application.Tests", "Chat.Server.Application.Tests\Chat.Server.Application.Tests.csproj", "{F8857570-747D-4EC8-9896-7EB2979A74B9}"
EndProject
Project("{2150E333-8FDC-42A3-9474-1A3956D46DE8}") = "1.0 - Console", "1.0 - Console", "{130EBAB2-8F8D-4CC7-B7B5-85A82632979B}"
EndProject
Project("{9A19103F-16F7-4668-BE54-9A1E7A4F7556}") = "Chat.Server", "Chat.Server\Chat.Server.csproj", "{E2375051-B8F3-45E4-AE90-31DF1A1B4120}"
EndProject
Project("{2150E333-8FDC-42A3-9474-1A3956D46DE8}") = "1.5 - Utils", "1.5 - Utils", "{210190D0-1555-4EA1-9179-6A7C8FCE5F32}"
EndProject
Project("{9A19103F-16F7-4668-BE54-9A1E7A4F7556}") = "Chat.Server.IoC", "Chat.Server.IoC\Chat.Server.IoC.csproj", "{5685ED6A-2EA5-4F99-B5C1-A9A5A98C95D8}"
EndProject
Project("{2150E333-8FDC-42A3-9474-1A3956D46DE8}") = "1.2 - Infraestructure", "1.2 - Infraestructure", "{06777DA7-993B-45CC-80D2-08DB98FF87AA}"
EndProject
Project("{2150E333-8FDC-42A3-9474-1A3956D46DE8}") = "1.2.0 - Data", "1.2.0 - Data", "{7C464323-6570-4486-A595-32FF06099319}"
EndProject
Project("{9A19103F-16F7-4668-BE54-9A1E7A4F7556}") = "Chat.Server.Data.InMemory", "Chat.Server.Data.InMemory\Chat.Server.Data.InMemory.csproj", "{C33ED778-DE6B-48C4-A42C-AED5A03BF323}"
EndProject
Project("{9A19103F-16F7-4668-BE54-9A1E7A4F7556}") = "Chat.Server.Communicator.Sockets", "Chat.Server.Communicator.Sockets\Chat.Server.Communicator.Sockets.csproj", "{8F206EEA-67B7-4513-8B5D-ED8A9B5DBB61}"
EndProject
Project("{2150E333-8FDC-42A3-9474-1A3956D46DE8}") = "3 - Common", "3 - Common", "{ED4BCFDA-A69E-42E0-BD8F-14403AF61F55}"
EndProject
Project("{9A19103F-16F7-4668-BE54-9A1E7A4F7556}") = "Chat.Serializers", "Chat.Serializers\Chat.Serializers.csproj", "{357BD854-56BC-4E23-AD10-A6C989D8C71C}"
EndProject
Project("{9A19103F-16F7-4668-BE54-9A1E7A4F7556}") = "Chat.Serializers.Tests", "Chat.Serializers.Tests\Chat.Serializers.Tests.csproj", "{FECF6089-076A-4A1C-90E7-EB5D3EA8034F}"
EndProject
Project("{9A19103F-16F7-4668-BE54-9A1E7A4F7556}") = "Chat.Server.Communicator.Sockets.Tests", "Chat.Server.Communicator.Sockets.Tests\Chat.Server.Communicator.Sockets.Tests.csproj", "{FCD96392-292E-401C-AA05-E54E63DA1516}"
EndProject
Project("{2150E333-8FDC-42A3-9474-1A3956D46DE8}") = "2.1 - SDK", "2.1 - SDK", "{9FBA51C5-0C9D-44B8-95F5-3594431AD276}"
EndProject
Project("{FAE04EC0-301F-11D3-BF4B-00C04F79EFBC}") = "Chat.Client.Tests", "Chat.Client.Tests\Chat.Client.Tests.csproj", "{EE14E053-3C8A-4EC7-9195-A2BED1296A04}"
EndProject
Project("{FAE04EC0-301F-11D3-BF4B-00C04F79EFBC}") = "Chat.Client", "Chat.Client\Chat.Client.csproj", "{CB809EED-644C-4440-B8A9-08779AD4FF3E}"
EndProject
Global
	GlobalSection(SolutionConfigurationPlatforms) = preSolution
		Debug|Any CPU = Debug|Any CPU
		Release|Any CPU = Release|Any CPU
	EndGlobalSection
	GlobalSection(ProjectConfigurationPlatforms) = postSolution
		{01B75438-CA61-45D0-9FCC-C659C54AF0B0}.Debug|Any CPU.ActiveCfg = Debug|Any CPU
		{01B75438-CA61-45D0-9FCC-C659C54AF0B0}.Debug|Any CPU.Build.0 = Debug|Any CPU
		{01B75438-CA61-45D0-9FCC-C659C54AF0B0}.Release|Any CPU.ActiveCfg = Release|Any CPU
		{01B75438-CA61-45D0-9FCC-C659C54AF0B0}.Release|Any CPU.Build.0 = Release|Any CPU
		{3F0E1875-256A-48E1-BE70-89A1DCB45143}.Debug|Any CPU.ActiveCfg = Debug|Any CPU
		{3F0E1875-256A-48E1-BE70-89A1DCB45143}.Debug|Any CPU.Build.0 = Debug|Any CPU
		{3F0E1875-256A-48E1-BE70-89A1DCB45143}.Release|Any CPU.ActiveCfg = Release|Any CPU
		{3F0E1875-256A-48E1-BE70-89A1DCB45143}.Release|Any CPU.Build.0 = Release|Any CPU
		{E268F342-4551-47CD-B6D5-11E42EBE403A}.Debug|Any CPU.ActiveCfg = Debug|Any CPU
		{E268F342-4551-47CD-B6D5-11E42EBE403A}.Debug|Any CPU.Build.0 = Debug|Any CPU
		{E268F342-4551-47CD-B6D5-11E42EBE403A}.Release|Any CPU.ActiveCfg = Release|Any CPU
		{E268F342-4551-47CD-B6D5-11E42EBE403A}.Release|Any CPU.Build.0 = Release|Any CPU
		{D063BC62-6ECC-4C72-99DF-F91F42EA18AE}.Debug|Any CPU.ActiveCfg = Debug|Any CPU
		{D063BC62-6ECC-4C72-99DF-F91F42EA18AE}.Debug|Any CPU.Build.0 = Debug|Any CPU
		{D063BC62-6ECC-4C72-99DF-F91F42EA18AE}.Release|Any CPU.ActiveCfg = Release|Any CPU
		{D063BC62-6ECC-4C72-99DF-F91F42EA18AE}.Release|Any CPU.Build.0 = Release|Any CPU
		{3840D7A7-7951-453B-8810-AFE68366E438}.Debug|Any CPU.ActiveCfg = Debug|Any CPU
		{3840D7A7-7951-453B-8810-AFE68366E438}.Debug|Any CPU.Build.0 = Debug|Any CPU
		{3840D7A7-7951-453B-8810-AFE68366E438}.Release|Any CPU.ActiveCfg = Release|Any CPU
		{3840D7A7-7951-453B-8810-AFE68366E438}.Release|Any CPU.Build.0 = Release|Any CPU
		{D131FA36-D21B-44AC-89BD-3080E6A86556}.Debug|Any CPU.ActiveCfg = Debug|Any CPU
		{D131FA36-D21B-44AC-89BD-3080E6A86556}.Debug|Any CPU.Build.0 = Debug|Any CPU
		{D131FA36-D21B-44AC-89BD-3080E6A86556}.Release|Any CPU.ActiveCfg = Release|Any CPU
		{D131FA36-D21B-44AC-89BD-3080E6A86556}.Release|Any CPU.Build.0 = Release|Any CPU
		{16FCC534-194E-4AE1-AFED-D05DC7234439}.Debug|Any CPU.ActiveCfg = Debug|Any CPU
		{16FCC534-194E-4AE1-AFED-D05DC7234439}.Debug|Any CPU.Build.0 = Debug|Any CPU
		{16FCC534-194E-4AE1-AFED-D05DC7234439}.Release|Any CPU.ActiveCfg = Release|Any CPU
		{16FCC534-194E-4AE1-AFED-D05DC7234439}.Release|Any CPU.Build.0 = Release|Any CPU
		{F8857570-747D-4EC8-9896-7EB2979A74B9}.Debug|Any CPU.ActiveCfg = Debug|Any CPU
		{F8857570-747D-4EC8-9896-7EB2979A74B9}.Debug|Any CPU.Build.0 = Debug|Any CPU
		{F8857570-747D-4EC8-9896-7EB2979A74B9}.Release|Any CPU.ActiveCfg = Release|Any CPU
		{F8857570-747D-4EC8-9896-7EB2979A74B9}.Release|Any CPU.Build.0 = Release|Any CPU
		{E2375051-B8F3-45E4-AE90-31DF1A1B4120}.Debug|Any CPU.ActiveCfg = Debug|Any CPU
		{E2375051-B8F3-45E4-AE90-31DF1A1B4120}.Debug|Any CPU.Build.0 = Debug|Any CPU
		{E2375051-B8F3-45E4-AE90-31DF1A1B4120}.Release|Any CPU.ActiveCfg = Release|Any CPU
		{E2375051-B8F3-45E4-AE90-31DF1A1B4120}.Release|Any CPU.Build.0 = Release|Any CPU
		{5685ED6A-2EA5-4F99-B5C1-A9A5A98C95D8}.Debug|Any CPU.ActiveCfg = Debug|Any CPU
		{5685ED6A-2EA5-4F99-B5C1-A9A5A98C95D8}.Debug|Any CPU.Build.0 = Debug|Any CPU
		{5685ED6A-2EA5-4F99-B5C1-A9A5A98C95D8}.Release|Any CPU.ActiveCfg = Release|Any CPU
		{5685ED6A-2EA5-4F99-B5C1-A9A5A98C95D8}.Release|Any CPU.Build.0 = Release|Any CPU
		{C33ED778-DE6B-48C4-A42C-AED5A03BF323}.Debug|Any CPU.ActiveCfg = Debug|Any CPU
		{C33ED778-DE6B-48C4-A42C-AED5A03BF323}.Debug|Any CPU.Build.0 = Debug|Any CPU
		{C33ED778-DE6B-48C4-A42C-AED5A03BF323}.Release|Any CPU.ActiveCfg = Release|Any CPU
		{C33ED778-DE6B-48C4-A42C-AED5A03BF323}.Release|Any CPU.Build.0 = Release|Any CPU
		{8F206EEA-67B7-4513-8B5D-ED8A9B5DBB61}.Debug|Any CPU.ActiveCfg = Debug|Any CPU
		{8F206EEA-67B7-4513-8B5D-ED8A9B5DBB61}.Debug|Any CPU.Build.0 = Debug|Any CPU
		{8F206EEA-67B7-4513-8B5D-ED8A9B5DBB61}.Release|Any CPU.ActiveCfg = Release|Any CPU
		{8F206EEA-67B7-4513-8B5D-ED8A9B5DBB61}.Release|Any CPU.Build.0 = Release|Any CPU
		{357BD854-56BC-4E23-AD10-A6C989D8C71C}.Debug|Any CPU.ActiveCfg = Debug|Any CPU
		{357BD854-56BC-4E23-AD10-A6C989D8C71C}.Debug|Any CPU.Build.0 = Debug|Any CPU
		{357BD854-56BC-4E23-AD10-A6C989D8C71C}.Release|Any CPU.ActiveCfg = Release|Any CPU
		{357BD854-56BC-4E23-AD10-A6C989D8C71C}.Release|Any CPU.Build.0 = Release|Any CPU
		{FECF6089-076A-4A1C-90E7-EB5D3EA8034F}.Debug|Any CPU.ActiveCfg = Debug|Any CPU
		{FECF6089-076A-4A1C-90E7-EB5D3EA8034F}.Debug|Any CPU.Build.0 = Debug|Any CPU
		{FECF6089-076A-4A1C-90E7-EB5D3EA8034F}.Release|Any CPU.ActiveCfg = Release|Any CPU
		{FECF6089-076A-4A1C-90E7-EB5D3EA8034F}.Release|Any CPU.Build.0 = Release|Any CPU
		{FCD96392-292E-401C-AA05-E54E63DA1516}.Debug|Any CPU.ActiveCfg = Debug|Any CPU
		{FCD96392-292E-401C-AA05-E54E63DA1516}.Debug|Any CPU.Build.0 = Debug|Any CPU
		{FCD96392-292E-401C-AA05-E54E63DA1516}.Release|Any CPU.ActiveCfg = Release|Any CPU
		{FCD96392-292E-401C-AA05-E54E63DA1516}.Release|Any CPU.Build.0 = Release|Any CPU
		{EE14E053-3C8A-4EC7-9195-A2BED1296A04}.Debug|Any CPU.ActiveCfg = Debug|Any CPU
		{EE14E053-3C8A-4EC7-9195-A2BED1296A04}.Debug|Any CPU.Build.0 = Debug|Any CPU
		{EE14E053-3C8A-4EC7-9195-A2BED1296A04}.Release|Any CPU.ActiveCfg = Release|Any CPU
		{EE14E053-3C8A-4EC7-9195-A2BED1296A04}.Release|Any CPU.Build.0 = Release|Any CPU
		{CB809EED-644C-4440-B8A9-08779AD4FF3E}.Debug|Any CPU.ActiveCfg = Debug|Any CPU
		{CB809EED-644C-4440-B8A9-08779AD4FF3E}.Debug|Any CPU.Build.0 = Debug|Any CPU
		{CB809EED-644C-4440-B8A9-08779AD4FF3E}.Release|Any CPU.ActiveCfg = Release|Any CPU
		{CB809EED-644C-4440-B8A9-08779AD4FF3E}.Release|Any CPU.Build.0 = Release|Any CPU
	EndGlobalSection
	GlobalSection(SolutionProperties) = preSolution
		HideSolutionNode = FALSE
	EndGlobalSection
	GlobalSection(NestedProjects) = preSolution
		{01B75438-CA61-45D0-9FCC-C659C54AF0B0} = {1AD6FE9B-2C83-4B5C-8CE8-E508BFEAD9B3}
		{76A3A0A0-BC0C-4D02-AD58-847331606996} = {D3C06908-9B63-462F-BCBC-B2748F1683C7}
		{3F0E1875-256A-48E1-BE70-89A1DCB45143} = {76A3A0A0-BC0C-4D02-AD58-847331606996}
		{E268F342-4551-47CD-B6D5-11E42EBE403A} = {76A3A0A0-BC0C-4D02-AD58-847331606996}
		{B6D01E49-B0A2-4726-BF5D-BD92D1FA100A} = {D3C06908-9B63-462F-BCBC-B2748F1683C7}
		{D063BC62-6ECC-4C72-99DF-F91F42EA18AE} = {B6D01E49-B0A2-4726-BF5D-BD92D1FA100A}
		{722D05DA-F2D1-466B-B323-02E3764B6710} = {06777DA7-993B-45CC-80D2-08DB98FF87AA}
		{3840D7A7-7951-453B-8810-AFE68366E438} = {722D05DA-F2D1-466B-B323-02E3764B6710}
		{96B136EF-4D60-4233-82E6-DBDE2C75E25F} = {06777DA7-993B-45CC-80D2-08DB98FF87AA}
		{D131FA36-D21B-44AC-89BD-3080E6A86556} = {96B136EF-4D60-4233-82E6-DBDE2C75E25F}
		{16FCC534-194E-4AE1-AFED-D05DC7234439} = {96B136EF-4D60-4233-82E6-DBDE2C75E25F}
		{F8857570-747D-4EC8-9896-7EB2979A74B9} = {B6D01E49-B0A2-4726-BF5D-BD92D1FA100A}
		{130EBAB2-8F8D-4CC7-B7B5-85A82632979B} = {D3C06908-9B63-462F-BCBC-B2748F1683C7}
		{E2375051-B8F3-45E4-AE90-31DF1A1B4120} = {130EBAB2-8F8D-4CC7-B7B5-85A82632979B}
		{210190D0-1555-4EA1-9179-6A7C8FCE5F32} = {D3C06908-9B63-462F-BCBC-B2748F1683C7}
		{5685ED6A-2EA5-4F99-B5C1-A9A5A98C95D8} = {210190D0-1555-4EA1-9179-6A7C8FCE5F32}
		{06777DA7-993B-45CC-80D2-08DB98FF87AA} = {D3C06908-9B63-462F-BCBC-B2748F1683C7}
		{7C464323-6570-4486-A595-32FF06099319} = {06777DA7-993B-45CC-80D2-08DB98FF87AA}
		{C33ED778-DE6B-48C4-A42C-AED5A03BF323} = {7C464323-6570-4486-A595-32FF06099319}
		{8F206EEA-67B7-4513-8B5D-ED8A9B5DBB61} = {722D05DA-F2D1-466B-B323-02E3764B6710}
		{357BD854-56BC-4E23-AD10-A6C989D8C71C} = {ED4BCFDA-A69E-42E0-BD8F-14403AF61F55}
		{FECF6089-076A-4A1C-90E7-EB5D3EA8034F} = {ED4BCFDA-A69E-42E0-BD8F-14403AF61F55}
		{FCD96392-292E-401C-AA05-E54E63DA1516} = {722D05DA-F2D1-466B-B323-02E3764B6710}
		{9FBA51C5-0C9D-44B8-95F5-3594431AD276} = {8407198A-C1F6-4970-B481-8B594BEAD3DE}
		{EE14E053-3C8A-4EC7-9195-A2BED1296A04} = {9FBA51C5-0C9D-44B8-95F5-3594431AD276}
		{CB809EED-644C-4440-B8A9-08779AD4FF3E} = {9FBA51C5-0C9D-44B8-95F5-3594431AD276}
	EndGlobalSection
	GlobalSection(ExtensibilityGlobals) = postSolution
		SolutionGuid = {EE556D60-9942-4ADB-A229-11FB878F89EE}
	EndGlobalSection
EndGlobal
